
Microsoft Visual Studio Solution File, Format Version 12.00
Project("{D954291E-2A0B-460D-934E-DC6B0785DB48}") = "solution-analyst-challenge", "solution-analyst-challenge\solution-analyst-challenge.shproj", "{AAC7CD3C-3F80-43E7-9AB1-C43D12E0E8A4}"
EndProject
Project("{FAE04EC0-301F-11D3-BF4B-00C04F79EFBC}") = "analyst-challenge", "analyst-challenge\analyst-challenge.csproj", "{456CE28C-2731-4B3D-B57C-2ED1F2A8478D}"
EndProject
Project("{FAE04EC0-301F-11D3-BF4B-00C04F79EFBC}") = "analyst-challenge-test", "analyst-challenge-test\analyst-challenge-test.csproj", "{501D29B9-100B-48D5-BCFD-21F67FE4ACF2}"
EndProject
Project("{2150E333-8FDC-42A3-9474-1A3956D46DE8}") = "src", "src", "{9A72619C-3F1F-4EAE-B8AB-E6184F961423}"
EndProject
Project("{2150E333-8FDC-42A3-9474-1A3956D46DE8}") = "tests", "tests", "{0F029E1E-4B3A-47BE-B250-DF23752DAB91}"
EndProject
Global
	GlobalSection(SolutionConfigurationPlatforms) = preSolution
		|Any CPU = |Any CPU
	EndGlobalSection
	GlobalSection(ProjectConfigurationPlatforms) = postSolution
		{456CE28C-2731-4B3D-B57C-2ED1F2A8478D}.|Any CPU.ActiveCfg = Debug|Any CPU
		{456CE28C-2731-4B3D-B57C-2ED1F2A8478D}.|Any CPU.Build.0 = Debug|Any CPU
		{501D29B9-100B-48D5-BCFD-21F67FE4ACF2}.|Any CPU.ActiveCfg = Debug|Any CPU
		{501D29B9-100B-48D5-BCFD-21F67FE4ACF2}.|Any CPU.Build.0 = Debug|Any CPU
	EndGlobalSection
	GlobalSection(NestedProjects) = preSolution
		{456CE28C-2731-4B3D-B57C-2ED1F2A8478D} = {9A72619C-3F1F-4EAE-B8AB-E6184F961423}
		{501D29B9-100B-48D5-BCFD-21F67FE4ACF2} = {0F029E1E-4B3A-47BE-B250-DF23752DAB91}
	EndGlobalSection
EndGlobal
